
Microsoft Visual Studio Solution File, Format Version 12.00
# Visual Studio 15
VisualStudioVersion = 15.0.27130.0
MinimumVisualStudioVersion = 10.0.40219.1
Project("{FAE04EC0-301F-11D3-BF4B-00C04F79EFBC}") = "MVC_Home1", "MVC_Home1\MVC_Home1.csproj", "{C3582D59-BA03-4188-990C-619A48DFC8AE}"
EndProject
Project("{FAE04EC0-301F-11D3-BF4B-00C04F79EFBC}") = "MVC_Home2", "WebApplication1\MVC_Home2.csproj", "{60753B62-53A6-4AE9-8C80-80FBE36E36F4}"
EndProject
Project("{FAE04EC0-301F-11D3-BF4B-00C04F79EFBC}") = "CodeFirst", "CodeFirst\CodeFirst.csproj", "{60071A96-CB5E-4550-AEAD-F050778CE258}"
EndProject
Global
	GlobalSection(SolutionConfigurationPlatforms) = preSolution
		Debug|Any CPU = Debug|Any CPU
		Release|Any CPU = Release|Any CPU
	EndGlobalSection
	GlobalSection(ProjectConfigurationPlatforms) = postSolution
		{C3582D59-BA03-4188-990C-619A48DFC8AE}.Debug|Any CPU.ActiveCfg = Debug|Any CPU
		{C3582D59-BA03-4188-990C-619A48DFC8AE}.Debug|Any CPU.Build.0 = Debug|Any CPU
		{C3582D59-BA03-4188-990C-619A48DFC8AE}.Release|Any CPU.ActiveCfg = Release|Any CPU
		{C3582D59-BA03-4188-990C-619A48DFC8AE}.Release|Any CPU.Build.0 = Release|Any CPU
		{60753B62-53A6-4AE9-8C80-80FBE36E36F4}.Debug|Any CPU.ActiveCfg = Debug|Any CPU
		{60753B62-53A6-4AE9-8C80-80FBE36E36F4}.Debug|Any CPU.Build.0 = Debug|Any CPU
		{60753B62-53A6-4AE9-8C80-80FBE36E36F4}.Release|Any CPU.ActiveCfg = Release|Any CPU
		{60753B62-53A6-4AE9-8C80-80FBE36E36F4}.Release|Any CPU.Build.0 = Release|Any CPU
		{60071A96-CB5E-4550-AEAD-F050778CE258}.Debug|Any CPU.ActiveCfg = Debug|Any CPU
		{60071A96-CB5E-4550-AEAD-F050778CE258}.Debug|Any CPU.Build.0 = Debug|Any CPU
		{60071A96-CB5E-4550-AEAD-F050778CE258}.Release|Any CPU.ActiveCfg = Release|Any CPU
		{60071A96-CB5E-4550-AEAD-F050778CE258}.Release|Any CPU.Build.0 = Release|Any CPU
	EndGlobalSection
	GlobalSection(SolutionProperties) = preSolution
		HideSolutionNode = FALSE
	EndGlobalSection
	GlobalSection(ExtensibilityGlobals) = postSolution
		SolutionGuid = {339DE41D-4BA1-4A07-A9AF-E3C9EEA9FB6A}
	EndGlobalSection
EndGlobal
